
Microsoft Visual Studio Solution File, Format Version 12.00
# Visual Studio Version 17
VisualStudioVersion = 17.8.34408.163
MinimumVisualStudioVersion = 10.0.40219.1
Project("{9A19103F-16F7-4668-BE54-9A1E7A4F7556}") = "SEMS", "SEMS.csproj", "{C32655E8-EA6D-447F-8D75-334CC00FF4B1}"
EndProject
Global
	GlobalSection(SolutionConfigurationPlatforms) = preSolution
		Debug|Any CPU = Debug|Any CPU
		Release|Any CPU = Release|Any CPU
	EndGlobalSection
	GlobalSection(ProjectConfigurationPlatforms) = postSolution
		{C32655E8-EA6D-447F-8D75-334CC00FF4B1}.Debug|Any CPU.ActiveCfg = Debug|Any CPU
		{C32655E8-EA6D-447F-8D75-334CC00FF4B1}.Debug|Any CPU.Build.0 = Debug|Any CPU
		{C32655E8-EA6D-447F-8D75-334CC00FF4B1}.Release|Any CPU.ActiveCfg = Release|Any CPU
		{C32655E8-EA6D-447F-8D75-334CC00FF4B1}.Release|Any CPU.Build.0 = Release|Any CPU
	EndGlobalSection
	GlobalSection(SolutionProperties) = preSolution
		HideSolutionNode = FALSE
	EndGlobalSection
	GlobalSection(ExtensibilityGlobals) = postSolution
		SolutionGuid = {80613AC9-031A-475B-BC01-FD85A190006D}
	EndGlobalSection
EndGlobal
